
Microsoft Visual Studio Solution File, Format Version 12.00
# Visual Studio Version 17
VisualStudioVersion = 17.6.33723.286
MinimumVisualStudioVersion = 10.0.40219.1
Project("{8BC9CEB8-8B4A-11D0-8D11-00A0C91BC942}") = "homework 49-1", "homework 49-1.vcxproj", "{AF227398-A5F4-40F1-82C8-C67E6A3C333A}"
EndProject
Global
	GlobalSection(SolutionConfigurationPlatforms) = preSolution
		Debug|x64 = Debug|x64
		Debug|x86 = Debug|x86
		Release|x64 = Release|x64
		Release|x86 = Release|x86
	EndGlobalSection
	GlobalSection(ProjectConfigurationPlatforms) = postSolution
		{AF227398-A5F4-40F1-82C8-C67E6A3C333A}.Debug|x64.ActiveCfg = Debug|x64
		{AF227398-A5F4-40F1-82C8-C67E6A3C333A}.Debug|x64.Build.0 = Debug|x64
		{AF227398-A5F4-40F1-82C8-C67E6A3C333A}.Debug|x86.ActiveCfg = Debug|Win32
		{AF227398-A5F4-40F1-82C8-C67E6A3C333A}.Debug|x86.Build.0 = Debug|Win32
		{AF227398-A5F4-40F1-82C8-C67E6A3C333A}.Release|x64.ActiveCfg = Release|x64
		{AF227398-A5F4-40F1-82C8-C67E6A3C333A}.Release|x64.Build.0 = Release|x64
		{AF227398-A5F4-40F1-82C8-C67E6A3C333A}.Release|x86.ActiveCfg = Release|Win32
		{AF227398-A5F4-40F1-82C8-C67E6A3C333A}.Release|x86.Build.0 = Release|Win32
	EndGlobalSection
	GlobalSection(SolutionProperties) = preSolution
		HideSolutionNode = FALSE
	EndGlobalSection
	GlobalSection(ExtensibilityGlobals) = postSolution
		SolutionGuid = {31FEB38E-089F-49B1-8C42-8D6797B2015B}
	EndGlobalSection
EndGlobal
